
Microsoft Visual Studio Solution File, Format Version 12.00
# Visual Studio Version 16
VisualStudioVersion = 16.0.29911.84
MinimumVisualStudioVersion = 10.0.40219.1
Project("{9A19103F-16F7-4668-BE54-9A1E7A4F7556}") = "Biblioteca.Host", "Biblioteca\Biblioteca.Host.csproj", "{38F869DF-1C12-4E01-9916-EB1674D69EEB}"
EndProject
Project("{2150E333-8FDC-42A3-9474-1A3956D46DE8}") = "01-Host", "01-Host", "{A2ABFDE4-4E82-447C-8BC6-1C7F2A7ED998}"
EndProject
Project("{2150E333-8FDC-42A3-9474-1A3956D46DE8}") = "02-Application", "02-Application", "{17F929C8-085A-46E3-AE7E-5834296F301C}"
EndProject
Project("{2150E333-8FDC-42A3-9474-1A3956D46DE8}") = "03-Domain", "03-Domain", "{A56E2A4F-D29D-4124-BDA5-2B9D40D70566}"
EndProject
Project("{2150E333-8FDC-42A3-9474-1A3956D46DE8}") = "04-Infrastructure", "04-Infrastructure", "{0A748EA8-5135-4B66-8AC0-00C7C4FB4D99}"
EndProject
Project("{9A19103F-16F7-4668-BE54-9A1E7A4F7556}") = "Biblioteca.Application", "Biblioteca.Application\Biblioteca.Application.csproj", "{D34219AC-1799-4C4F-B32E-9924AC13FF14}"
EndProject
Project("{9A19103F-16F7-4668-BE54-9A1E7A4F7556}") = "Biblioteca.Domain", "Biblioteca.Domain\Biblioteca.Domain.csproj", "{E1BECA74-25DE-4C93-95F8-31E047908F90}"
EndProject
Project("{9A19103F-16F7-4668-BE54-9A1E7A4F7556}") = "Biblioteca.Domain.Shared", "Biblioteca.Domain.Shared\Biblioteca.Domain.Shared.csproj", "{440A8E3C-7C84-4B90-8521-DAEF73D2C360}"
EndProject
Project("{2150E333-8FDC-42A3-9474-1A3956D46DE8}") = "4.1-Data", "4.1-Data", "{AEF4F935-90A6-46E6-B9F1-7F0070C99345}"
EndProject
Project("{9A19103F-16F7-4668-BE54-9A1E7A4F7556}") = "Biblioteca.Infra.SqlServer.Dapper", "Biblioteca.Infra.SqlServer.Dapper\Biblioteca.Infra.SqlServer.Dapper.csproj", "{6479257B-8948-4F7B-AAAA-852BF1CF31F3}"
EndProject
Project("{9A19103F-16F7-4668-BE54-9A1E7A4F7556}") = "Biblioteca.Infra.SqlServer.Ef", "Biblioteca.Infra.SqlServer.EF\Biblioteca.Infra.SqlServer.Ef.csproj", "{3A1707FE-3A8E-4DE6-9C09-1C6FD5266C83}"
EndProject
Project("{2150E333-8FDC-42A3-9474-1A3956D46DE8}") = "4.2-CrossCutting", "4.2-CrossCutting", "{79ABD47E-27C9-4F29-93E7-EBA1E019D976}"
EndProject
Project("{9A19103F-16F7-4668-BE54-9A1E7A4F7556}") = "Biblioteca.Infra.Integrations", "Biblioteca.Infra.Integrations\Biblioteca.Infra.Integrations.csproj", "{FE50045A-07C4-42F8-A82A-54469FD216B8}"
EndProject
Project("{9A19103F-16F7-4668-BE54-9A1E7A4F7556}") = "Biblioteca.Infra.IoC", "Biblioteca.Infra.IoC\Biblioteca.Infra.IoC.csproj", "{5514F2D1-6EAA-443C-979F-217874AEB31B}"
EndProject
Global
	GlobalSection(SolutionConfigurationPlatforms) = preSolution
		Debug|Any CPU = Debug|Any CPU
		Debug|ARM = Debug|ARM
		Debug|ARM64 = Debug|ARM64
		Debug|x64 = Debug|x64
		Debug|x86 = Debug|x86
		Release|Any CPU = Release|Any CPU
		Release|ARM = Release|ARM
		Release|ARM64 = Release|ARM64
		Release|x64 = Release|x64
		Release|x86 = Release|x86
	EndGlobalSection
	GlobalSection(ProjectConfigurationPlatforms) = postSolution
		{38F869DF-1C12-4E01-9916-EB1674D69EEB}.Debug|Any CPU.ActiveCfg = Debug|Any CPU
		{38F869DF-1C12-4E01-9916-EB1674D69EEB}.Debug|Any CPU.Build.0 = Debug|Any CPU
		{38F869DF-1C12-4E01-9916-EB1674D69EEB}.Debug|ARM.ActiveCfg = Debug|Any CPU
		{38F869DF-1C12-4E01-9916-EB1674D69EEB}.Debug|ARM.Build.0 = Debug|Any CPU
		{38F869DF-1C12-4E01-9916-EB1674D69EEB}.Debug|ARM64.ActiveCfg = Debug|Any CPU
		{38F869DF-1C12-4E01-9916-EB1674D69EEB}.Debug|ARM64.Build.0 = Debug|Any CPU
		{38F869DF-1C12-4E01-9916-EB1674D69EEB}.Debug|x64.ActiveCfg = Debug|Any CPU
		{38F869DF-1C12-4E01-9916-EB1674D69EEB}.Debug|x64.Build.0 = Debug|Any CPU
		{38F869DF-1C12-4E01-9916-EB1674D69EEB}.Debug|x86.ActiveCfg = Debug|Any CPU
		{38F869DF-1C12-4E01-9916-EB1674D69EEB}.Debug|x86.Build.0 = Debug|Any CPU
		{38F869DF-1C12-4E01-9916-EB1674D69EEB}.Release|Any CPU.ActiveCfg = Release|Any CPU
		{38F869DF-1C12-4E01-9916-EB1674D69EEB}.Release|Any CPU.Build.0 = Release|Any CPU
		{38F869DF-1C12-4E01-9916-EB1674D69EEB}.Release|ARM.ActiveCfg = Release|Any CPU
		{38F869DF-1C12-4E01-9916-EB1674D69EEB}.Release|ARM.Build.0 = Release|Any CPU
		{38F869DF-1C12-4E01-9916-EB1674D69EEB}.Release|ARM64.ActiveCfg = Release|Any CPU
		{38F869DF-1C12-4E01-9916-EB1674D69EEB}.Release|ARM64.Build.0 = Release|Any CPU
		{38F869DF-1C12-4E01-9916-EB1674D69EEB}.Release|x64.ActiveCfg = Release|Any CPU
		{38F869DF-1C12-4E01-9916-EB1674D69EEB}.Release|x64.Build.0 = Release|Any CPU
		{38F869DF-1C12-4E01-9916-EB1674D69EEB}.Release|x86.ActiveCfg = Release|Any CPU
		{38F869DF-1C12-4E01-9916-EB1674D69EEB}.Release|x86.Build.0 = Release|Any CPU
		{D34219AC-1799-4C4F-B32E-9924AC13FF14}.Debug|Any CPU.ActiveCfg = Debug|Any CPU
		{D34219AC-1799-4C4F-B32E-9924AC13FF14}.Debug|Any CPU.Build.0 = Debug|Any CPU
		{D34219AC-1799-4C4F-B32E-9924AC13FF14}.Debug|ARM.ActiveCfg = Debug|Any CPU
		{D34219AC-1799-4C4F-B32E-9924AC13FF14}.Debug|ARM.Build.0 = Debug|Any CPU
		{D34219AC-1799-4C4F-B32E-9924AC13FF14}.Debug|ARM64.ActiveCfg = Debug|Any CPU
		{D34219AC-1799-4C4F-B32E-9924AC13FF14}.Debug|ARM64.Build.0 = Debug|Any CPU
		{D34219AC-1799-4C4F-B32E-9924AC13FF14}.Debug|x64.ActiveCfg = Debug|Any CPU
		{D34219AC-1799-4C4F-B32E-9924AC13FF14}.Debug|x64.Build.0 = Debug|Any CPU
		{D34219AC-1799-4C4F-B32E-9924AC13FF14}.Debug|x86.ActiveCfg = Debug|Any CPU
		{D34219AC-1799-4C4F-B32E-9924AC13FF14}.Debug|x86.Build.0 = Debug|Any CPU
		{D34219AC-1799-4C4F-B32E-9924AC13FF14}.Release|Any CPU.ActiveCfg = Release|Any CPU
		{D34219AC-1799-4C4F-B32E-9924AC13FF14}.Release|Any CPU.Build.0 = Release|Any CPU
		{D34219AC-1799-4C4F-B32E-9924AC13FF14}.Release|ARM.ActiveCfg = Release|Any CPU
		{D34219AC-1799-4C4F-B32E-9924AC13FF14}.Release|ARM.Build.0 = Release|Any CPU
		{D34219AC-1799-4C4F-B32E-9924AC13FF14}.Release|ARM64.ActiveCfg = Release|Any CPU
		{D34219AC-1799-4C4F-B32E-9924AC13FF14}.Release|ARM64.Build.0 = Release|Any CPU
		{D34219AC-1799-4C4F-B32E-9924AC13FF14}.Release|x64.ActiveCfg = Release|Any CPU
		{D34219AC-1799-4C4F-B32E-9924AC13FF14}.Release|x64.Build.0 = Release|Any CPU
		{D34219AC-1799-4C4F-B32E-9924AC13FF14}.Release|x86.ActiveCfg = Release|Any CPU
		{D34219AC-1799-4C4F-B32E-9924AC13FF14}.Release|x86.Build.0 = Release|Any CPU
		{E1BECA74-25DE-4C93-95F8-31E047908F90}.Debug|Any CPU.ActiveCfg = Debug|Any CPU
		{E1BECA74-25DE-4C93-95F8-31E047908F90}.Debug|Any CPU.Build.0 = Debug|Any CPU
		{E1BECA74-25DE-4C93-95F8-31E047908F90}.Debug|ARM.ActiveCfg = Debug|Any CPU
		{E1BECA74-25DE-4C93-95F8-31E047908F90}.Debug|ARM.Build.0 = Debug|Any CPU
		{E1BECA74-25DE-4C93-95F8-31E047908F90}.Debug|ARM64.ActiveCfg = Debug|Any CPU
		{E1BECA74-25DE-4C93-95F8-31E047908F90}.Debug|ARM64.Build.0 = Debug|Any CPU
		{E1BECA74-25DE-4C93-95F8-31E047908F90}.Debug|x64.ActiveCfg = Debug|Any CPU
		{E1BECA74-25DE-4C93-95F8-31E047908F90}.Debug|x64.Build.0 = Debug|Any CPU
		{E1BECA74-25DE-4C93-95F8-31E047908F90}.Debug|x86.ActiveCfg = Debug|Any CPU
		{E1BECA74-25DE-4C93-95F8-31E047908F90}.Debug|x86.Build.0 = Debug|Any CPU
		{E1BECA74-25DE-4C93-95F8-31E047908F90}.Release|Any CPU.ActiveCfg = Release|Any CPU
		{E1BECA74-25DE-4C93-95F8-31E047908F90}.Release|Any CPU.Build.0 = Release|Any CPU
		{E1BECA74-25DE-4C93-95F8-31E047908F90}.Release|ARM.ActiveCfg = Release|Any CPU
		{E1BECA74-25DE-4C93-95F8-31E047908F90}.Release|ARM.Build.0 = Release|Any CPU
		{E1BECA74-25DE-4C93-95F8-31E047908F90}.Release|ARM64.ActiveCfg = Release|Any CPU
		{E1BECA74-25DE-4C93-95F8-31E047908F90}.Release|ARM64.Build.0 = Release|Any CPU
		{E1BECA74-25DE-4C93-95F8-31E047908F90}.Release|x64.ActiveCfg = Release|Any CPU
		{E1BECA74-25DE-4C93-95F8-31E047908F90}.Release|x64.Build.0 = Release|Any CPU
		{E1BECA74-25DE-4C93-95F8-31E047908F90}.Release|x86.ActiveCfg = Release|Any CPU
		{E1BECA74-25DE-4C93-95F8-31E047908F90}.Release|x86.Build.0 = Release|Any CPU
		{440A8E3C-7C84-4B90-8521-DAEF73D2C360}.Debug|Any CPU.ActiveCfg = Debug|Any CPU
		{440A8E3C-7C84-4B90-8521-DAEF73D2C360}.Debug|Any CPU.Build.0 = Debug|Any CPU
		{440A8E3C-7C84-4B90-8521-DAEF73D2C360}.Debug|ARM.ActiveCfg = Debug|Any CPU
		{440A8E3C-7C84-4B90-8521-DAEF73D2C360}.Debug|ARM.Build.0 = Debug|Any CPU
		{440A8E3C-7C84-4B90-8521-DAEF73D2C360}.Debug|ARM64.ActiveCfg = Debug|Any CPU
		{440A8E3C-7C84-4B90-8521-DAEF73D2C360}.Debug|ARM64.Build.0 = Debug|Any CPU
		{440A8E3C-7C84-4B90-8521-DAEF73D2C360}.Debug|x64.ActiveCfg = Debug|Any CPU
		{440A8E3C-7C84-4B90-8521-DAEF73D2C360}.Debug|x64.Build.0 = Debug|Any CPU
		{440A8E3C-7C84-4B90-8521-DAEF73D2C360}.Debug|x86.ActiveCfg = Debug|Any CPU
		{440A8E3C-7C84-4B90-8521-DAEF73D2C360}.Debug|x86.Build.0 = Debug|Any CPU
		{440A8E3C-7C84-4B90-8521-DAEF73D2C360}.Release|Any CPU.ActiveCfg = Release|Any CPU
		{440A8E3C-7C84-4B90-8521-DAEF73D2C360}.Release|Any CPU.Build.0 = Release|Any CPU
		{440A8E3C-7C84-4B90-8521-DAEF73D2C360}.Release|ARM.ActiveCfg = Release|Any CPU
		{440A8E3C-7C84-4B90-8521-DAEF73D2C360}.Release|ARM.Build.0 = Release|Any CPU
		{440A8E3C-7C84-4B90-8521-DAEF73D2C360}.Release|ARM64.ActiveCfg = Release|Any CPU
		{440A8E3C-7C84-4B90-8521-DAEF73D2C360}.Release|ARM64.Build.0 = Release|Any CPU
		{440A8E3C-7C84-4B90-8521-DAEF73D2C360}.Release|x64.ActiveCfg = Release|Any CPU
		{440A8E3C-7C84-4B90-8521-DAEF73D2C360}.Release|x64.Build.0 = Release|Any CPU
		{440A8E3C-7C84-4B90-8521-DAEF73D2C360}.Release|x86.ActiveCfg = Release|Any CPU
		{440A8E3C-7C84-4B90-8521-DAEF73D2C360}.Release|x86.Build.0 = Release|Any CPU
		{6479257B-8948-4F7B-AAAA-852BF1CF31F3}.Debug|Any CPU.ActiveCfg = Debug|Any CPU
		{6479257B-8948-4F7B-AAAA-852BF1CF31F3}.Debug|Any CPU.Build.0 = Debug|Any CPU
		{6479257B-8948-4F7B-AAAA-852BF1CF31F3}.Debug|ARM.ActiveCfg = Debug|Any CPU
		{6479257B-8948-4F7B-AAAA-852BF1CF31F3}.Debug|ARM.Build.0 = Debug|Any CPU
		{6479257B-8948-4F7B-AAAA-852BF1CF31F3}.Debug|ARM64.ActiveCfg = Debug|Any CPU
		{6479257B-8948-4F7B-AAAA-852BF1CF31F3}.Debug|ARM64.Build.0 = Debug|Any CPU
		{6479257B-8948-4F7B-AAAA-852BF1CF31F3}.Debug|x64.ActiveCfg = Debug|Any CPU
		{6479257B-8948-4F7B-AAAA-852BF1CF31F3}.Debug|x64.Build.0 = Debug|Any CPU
		{6479257B-8948-4F7B-AAAA-852BF1CF31F3}.Debug|x86.ActiveCfg = Debug|Any CPU
		{6479257B-8948-4F7B-AAAA-852BF1CF31F3}.Debug|x86.Build.0 = Debug|Any CPU
		{6479257B-8948-4F7B-AAAA-852BF1CF31F3}.Release|Any CPU.ActiveCfg = Release|Any CPU
		{6479257B-8948-4F7B-AAAA-852BF1CF31F3}.Release|Any CPU.Build.0 = Release|Any CPU
		{6479257B-8948-4F7B-AAAA-852BF1CF31F3}.Release|ARM.ActiveCfg = Release|Any CPU
		{6479257B-8948-4F7B-AAAA-852BF1CF31F3}.Release|ARM.Build.0 = Release|Any CPU
		{6479257B-8948-4F7B-AAAA-852BF1CF31F3}.Release|ARM64.ActiveCfg = Release|Any CPU
		{6479257B-8948-4F7B-AAAA-852BF1CF31F3}.Release|ARM64.Build.0 = Release|Any CPU
		{6479257B-8948-4F7B-AAAA-852BF1CF31F3}.Release|x64.ActiveCfg = Release|Any CPU
		{6479257B-8948-4F7B-AAAA-852BF1CF31F3}.Release|x64.Build.0 = Release|Any CPU
		{6479257B-8948-4F7B-AAAA-852BF1CF31F3}.Release|x86.ActiveCfg = Release|Any CPU
		{6479257B-8948-4F7B-AAAA-852BF1CF31F3}.Release|x86.Build.0 = Release|Any CPU
		{3A1707FE-3A8E-4DE6-9C09-1C6FD5266C83}.Debug|Any CPU.ActiveCfg = Debug|Any CPU
		{3A1707FE-3A8E-4DE6-9C09-1C6FD5266C83}.Debug|Any CPU.Build.0 = Debug|Any CPU
		{3A1707FE-3A8E-4DE6-9C09-1C6FD5266C83}.Debug|ARM.ActiveCfg = Debug|Any CPU
		{3A1707FE-3A8E-4DE6-9C09-1C6FD5266C83}.Debug|ARM.Build.0 = Debug|Any CPU
		{3A1707FE-3A8E-4DE6-9C09-1C6FD5266C83}.Debug|ARM64.ActiveCfg = Debug|Any CPU
		{3A1707FE-3A8E-4DE6-9C09-1C6FD5266C83}.Debug|ARM64.Build.0 = Debug|Any CPU
		{3A1707FE-3A8E-4DE6-9C09-1C6FD5266C83}.Debug|x64.ActiveCfg = Debug|Any CPU
		{3A1707FE-3A8E-4DE6-9C09-1C6FD5266C83}.Debug|x64.Build.0 = Debug|Any CPU
		{3A1707FE-3A8E-4DE6-9C09-1C6FD5266C83}.Debug|x86.ActiveCfg = Debug|Any CPU
		{3A1707FE-3A8E-4DE6-9C09-1C6FD5266C83}.Debug|x86.Build.0 = Debug|Any CPU
		{3A1707FE-3A8E-4DE6-9C09-1C6FD5266C83}.Release|Any CPU.ActiveCfg = Release|Any CPU
		{3A1707FE-3A8E-4DE6-9C09-1C6FD5266C83}.Release|Any CPU.Build.0 = Release|Any CPU
		{3A1707FE-3A8E-4DE6-9C09-1C6FD5266C83}.Release|ARM.ActiveCfg = Release|Any CPU
		{3A1707FE-3A8E-4DE6-9C09-1C6FD5266C83}.Release|ARM.Build.0 = Release|Any CPU
		{3A1707FE-3A8E-4DE6-9C09-1C6FD5266C83}.Release|ARM64.ActiveCfg = Release|Any CPU
		{3A1707FE-3A8E-4DE6-9C09-1C6FD5266C83}.Release|ARM64.Build.0 = Release|Any CPU
		{3A1707FE-3A8E-4DE6-9C09-1C6FD5266C83}.Release|x64.ActiveCfg = Release|Any CPU
		{3A1707FE-3A8E-4DE6-9C09-1C6FD5266C83}.Release|x64.Build.0 = Release|Any CPU
		{3A1707FE-3A8E-4DE6-9C09-1C6FD5266C83}.Release|x86.ActiveCfg = Release|Any CPU
		{3A1707FE-3A8E-4DE6-9C09-1C6FD5266C83}.Release|x86.Build.0 = Release|Any CPU
		{FE50045A-07C4-42F8-A82A-54469FD216B8}.Debug|Any CPU.ActiveCfg = Debug|Any CPU
		{FE50045A-07C4-42F8-A82A-54469FD216B8}.Debug|Any CPU.Build.0 = Debug|Any CPU
		{FE50045A-07C4-42F8-A82A-54469FD216B8}.Debug|ARM.ActiveCfg = Debug|Any CPU
		{FE50045A-07C4-42F8-A82A-54469FD216B8}.Debug|ARM.Build.0 = Debug|Any CPU
		{FE50045A-07C4-42F8-A82A-54469FD216B8}.Debug|ARM64.ActiveCfg = Debug|Any CPU
		{FE50045A-07C4-42F8-A82A-54469FD216B8}.Debug|ARM64.Build.0 = Debug|Any CPU
		{FE50045A-07C4-42F8-A82A-54469FD216B8}.Debug|x64.ActiveCfg = Debug|Any CPU
		{FE50045A-07C4-42F8-A82A-54469FD216B8}.Debug|x64.Build.0 = Debug|Any CPU
		{FE50045A-07C4-42F8-A82A-54469FD216B8}.Debug|x86.ActiveCfg = Debug|Any CPU
		{FE50045A-07C4-42F8-A82A-54469FD216B8}.Debug|x86.Build.0 = Debug|Any CPU
		{FE50045A-07C4-42F8-A82A-54469FD216B8}.Release|Any CPU.ActiveCfg = Release|Any CPU
		{FE50045A-07C4-42F8-A82A-54469FD216B8}.Release|Any CPU.Build.0 = Release|Any CPU
		{FE50045A-07C4-42F8-A82A-54469FD216B8}.Release|ARM.ActiveCfg = Release|Any CPU
		{FE50045A-07C4-42F8-A82A-54469FD216B8}.Release|ARM.Build.0 = Release|Any CPU
		{FE50045A-07C4-42F8-A82A-54469FD216B8}.Release|ARM64.ActiveCfg = Release|Any CPU
		{FE50045A-07C4-42F8-A82A-54469FD216B8}.Release|ARM64.Build.0 = Release|Any CPU
		{FE50045A-07C4-42F8-A82A-54469FD216B8}.Release|x64.ActiveCfg = Release|Any CPU
		{FE50045A-07C4-42F8-A82A-54469FD216B8}.Release|x64.Build.0 = Release|Any CPU
		{FE50045A-07C4-42F8-A82A-54469FD216B8}.Release|x86.ActiveCfg = Release|Any CPU
		{FE50045A-07C4-42F8-A82A-54469FD216B8}.Release|x86.Build.0 = Release|Any CPU
		{5514F2D1-6EAA-443C-979F-217874AEB31B}.Debug|Any CPU.ActiveCfg = Debug|Any CPU
		{5514F2D1-6EAA-443C-979F-217874AEB31B}.Debug|Any CPU.Build.0 = Debug|Any CPU
		{5514F2D1-6EAA-443C-979F-217874AEB31B}.Debug|ARM.ActiveCfg = Debug|Any CPU
		{5514F2D1-6EAA-443C-979F-217874AEB31B}.Debug|ARM.Build.0 = Debug|Any CPU
		{5514F2D1-6EAA-443C-979F-217874AEB31B}.Debug|ARM64.ActiveCfg = Debug|Any CPU
		{5514F2D1-6EAA-443C-979F-217874AEB31B}.Debug|ARM64.Build.0 = Debug|Any CPU
		{5514F2D1-6EAA-443C-979F-217874AEB31B}.Debug|x64.ActiveCfg = Debug|Any CPU
		{5514F2D1-6EAA-443C-979F-217874AEB31B}.Debug|x64.Build.0 = Debug|Any CPU
		{5514F2D1-6EAA-443C-979F-217874AEB31B}.Debug|x86.ActiveCfg = Debug|Any CPU
		{5514F2D1-6EAA-443C-979F-217874AEB31B}.Debug|x86.Build.0 = Debug|Any CPU
		{5514F2D1-6EAA-443C-979F-217874AEB31B}.Release|Any CPU.ActiveCfg = Release|Any CPU
		{5514F2D1-6EAA-443C-979F-217874AEB31B}.Release|Any CPU.Build.0 = Release|Any CPU
		{5514F2D1-6EAA-443C-979F-217874AEB31B}.Release|ARM.ActiveCfg = Release|Any CPU
		{5514F2D1-6EAA-443C-979F-217874AEB31B}.Release|ARM.Build.0 = Release|Any CPU
		{5514F2D1-6EAA-443C-979F-217874AEB31B}.Release|ARM64.ActiveCfg = Release|Any CPU
		{5514F2D1-6EAA-443C-979F-217874AEB31B}.Release|ARM64.Build.0 = Release|Any CPU
		{5514F2D1-6EAA-443C-979F-217874AEB31B}.Release|x64.ActiveCfg = Release|Any CPU
		{5514F2D1-6EAA-443C-979F-217874AEB31B}.Release|x64.Build.0 = Release|Any CPU
		{5514F2D1-6EAA-443C-979F-217874AEB31B}.Release|x86.ActiveCfg = Release|Any CPU
		{5514F2D1-6EAA-443C-979F-217874AEB31B}.Release|x86.Build.0 = Release|Any CPU
	EndGlobalSection
	GlobalSection(SolutionProperties) = preSolution
		HideSolutionNode = FALSE
	EndGlobalSection
	GlobalSection(NestedProjects) = preSolution
		{38F869DF-1C12-4E01-9916-EB1674D69EEB} = {A2ABFDE4-4E82-447C-8BC6-1C7F2A7ED998}
		{D34219AC-1799-4C4F-B32E-9924AC13FF14} = {17F929C8-085A-46E3-AE7E-5834296F301C}
		{E1BECA74-25DE-4C93-95F8-31E047908F90} = {A56E2A4F-D29D-4124-BDA5-2B9D40D70566}
		{440A8E3C-7C84-4B90-8521-DAEF73D2C360} = {A56E2A4F-D29D-4124-BDA5-2B9D40D70566}
		{AEF4F935-90A6-46E6-B9F1-7F0070C99345} = {0A748EA8-5135-4B66-8AC0-00C7C4FB4D99}
		{6479257B-8948-4F7B-AAAA-852BF1CF31F3} = {AEF4F935-90A6-46E6-B9F1-7F0070C99345}
		{3A1707FE-3A8E-4DE6-9C09-1C6FD5266C83} = {AEF4F935-90A6-46E6-B9F1-7F0070C99345}
		{79ABD47E-27C9-4F29-93E7-EBA1E019D976} = {0A748EA8-5135-4B66-8AC0-00C7C4FB4D99}
		{FE50045A-07C4-42F8-A82A-54469FD216B8} = {79ABD47E-27C9-4F29-93E7-EBA1E019D976}
		{5514F2D1-6EAA-443C-979F-217874AEB31B} = {79ABD47E-27C9-4F29-93E7-EBA1E019D976}
	EndGlobalSection
	GlobalSection(ExtensibilityGlobals) = postSolution
		SolutionGuid = {A5A7127F-928D-40D7-BF9C-2D3B8F11C364}
	EndGlobalSection
EndGlobal
